
Microsoft Visual Studio Solution File, Format Version 12.00
# Visual Studio Version 16
VisualStudioVersion = 16.0.29519.87
MinimumVisualStudioVersion = 10.0.40219.1
Project("{9A19103F-16F7-4668-BE54-9A1E7A4F7556}") = "Frends.CassandraDB", "Frends.Community.CassandraDB\Frends.CassandraDB.csproj", "{47B1204F-E146-4696-9DDA-D1D31443BBBF}"
EndProject
Global
	GlobalSection(SolutionConfigurationPlatforms) = preSolution
		Debug|Any CPU = Debug|Any CPU
		Release|Any CPU = Release|Any CPU
	EndGlobalSection
	GlobalSection(ProjectConfigurationPlatforms) = postSolution
		{47B1204F-E146-4696-9DDA-D1D31443BBBF}.Debug|Any CPU.ActiveCfg = Debug|Any CPU
		{47B1204F-E146-4696-9DDA-D1D31443BBBF}.Debug|Any CPU.Build.0 = Debug|Any CPU
		{47B1204F-E146-4696-9DDA-D1D31443BBBF}.Release|Any CPU.ActiveCfg = Release|Any CPU
		{47B1204F-E146-4696-9DDA-D1D31443BBBF}.Release|Any CPU.Build.0 = Release|Any CPU
	EndGlobalSection
	GlobalSection(SolutionProperties) = preSolution
		HideSolutionNode = FALSE
	EndGlobalSection
	GlobalSection(ExtensibilityGlobals) = postSolution
		SolutionGuid = {EC96EE78-B2E5-44EE-914C-365B858A5B4B}
	EndGlobalSection
EndGlobal
